{
  "lockfileVersion": 1,
  "dependencies": {
    "pomelo-cocos2d-js": {
      "version": "0.1.4",
      "resolved": "https://registry.npmjs.org/pomelo-cocos2d-js/-/pomelo-cocos2d-js-0.1.4.tgz",
      "integrity": "sha1-ZppjzYrQyytW9xThr3wV1jmIGUA="
    },
    "pomelo-jsclient-websocket": {
      "version": "0.1.1",
      "resolved": "https://registry.npmjs.org/pomelo-jsclient-websocket/-/pomelo-jsclient-websocket-0.1.1.tgz",
      "integrity": "sha1-XJy+G+E3jul9V65iro98hRasQoM="
    },
    "pomelo-protobuf": {
      "version": "0.4.0",
      "resolved": "https://registry.npmjs.org/pomelo-protobuf/-/pomelo-protobuf-0.4.0.tgz",
      "integrity": "sha1-5F6aCkRusYZn4MbhPutT1Hrdvag="
    },
    "pomelo-protocol": {
      "version": "0.1.5",
      "resolved": "https://registry.npmjs.org/pomelo-protocol/-/pomelo-protocol-0.1.5.tgz",
      "integrity": "sha1-AMxgnk10p/Byh+I89F1pOHv3kU4="
    }
  }
}
